Microsoft Visual Studio Solution File, Format Version 12.00
# Visual Studio Version 16
VisualStudioVersion = 16.0.30611.23
MinimumVisualStudioVersion = 10.0.40219.1
Project("{FAE04EC0-301F-11D3-BF4B-00C04F79EFBC}") = "SSICPAS.Android", "SSICPAS.Android\SSICPAS.Android.csproj", "{3703B8A3-43FA-4B9F-831D-331686527F34}"
EndProject
Project("{FAE04EC0-301F-11D3-BF4B-00C04F79EFBC}") = "SSICPAS.iOS", "SSICPAS.iOS\SSICPAS.iOS.csproj", "{405FDB97-9A61-426F-B1B9-86D876065C57}"
EndProject
Project("{FAE04EC0-301F-11D3-BF4B-00C04F79EFBC}") = "SSICPAS", "SSICPAS\SSICPAS.csproj", "{CCA7587C-2315-43AE-990C-BF5682BC8E20}"
EndProject
Project("{9A19103F-16F7-4668-BE54-9A1E7A4F7556}") = "SSICPAS.Tests", "SSICPAS.Tests\SSICPAS.Tests.csproj", "{44E26DBA-49F0-485B-8772-65D1EB66CB28}"
EndProject
Project("{9A19103F-16F7-4668-BE54-9A1E7A4F7556}") = "SSICPAS.Core", "SSICPAS.Core\SSICPAS.Core.csproj", "{74A636E1-F871-48FE-8E56-AC8BD701E16D}"
EndProject
Project("{FAE04EC0-301F-11D3-BF4B-00C04F79EFBC}") = "JarBinding", "JarBinding\JarBinding.csproj", "{935EB5C3-3FF3-4030-B89E-823387BEFA3D}"
EndProject
Global
	GlobalSection(SolutionConfigurationPlatforms) = preSolution
		Debug|Any CPU = Debug|Any CPU
		Debug|iPhone = Debug|iPhone
		Debug|iPhoneSimulator = Debug|iPhoneSimulator
		Development|Any CPU = Development|Any CPU
		Development|iPhone = Development|iPhone
		Development|iPhoneSimulator = Development|iPhoneSimulator
		Test|Any CPU = Test|Any CPU
		Test|iPhoneSimulator = Test|iPhoneSimulator
		Test|iPhone = Test|iPhone
		Unittests|Any CPU = Unittests|Any CPU
		Unittests|iPhoneSimulator = Unittests|iPhoneSimulator
		Unittests|iPhone = Unittests|iPhone
		AppStore|Any CPU = AppStore|Any CPU
		AppStore|iPhone = AppStore|iPhone
		AppStoreBeta|Any CPU = AppStoreBeta|Any CPU
		AppStoreBeta|iPhone = AppStoreBeta|iPhone
		Release|Any CPU = Release|Any CPU
	EndGlobalSection
	GlobalSection(ProjectConfigurationPlatforms) = postSolution
		{3703B8A3-43FA-4B9F-831D-331686527F34}.Debug|Any CPU.ActiveCfg = Debug|Any CPU
		{3703B8A3-43FA-4B9F-831D-331686527F34}.Debug|Any CPU.Build.0 = Debug|Any CPU
		{3703B8A3-43FA-4B9F-831D-331686527F34}.Debug|Any CPU.Deploy.0 = Debug|Any CPU
		{3703B8A3-43FA-4B9F-831D-331686527F34}.Debug|iPhone.ActiveCfg = Debug|Any CPU
		{3703B8A3-43FA-4B9F-831D-331686527F34}.Debug|iPhone.Build.0 = Debug|Any CPU
		{3703B8A3-43FA-4B9F-831D-331686527F34}.Debug|iPhoneSimulator.ActiveCfg = Debug|Any CPU
		{3703B8A3-43FA-4B9F-831D-331686527F34}.Debug|iPhoneSimulator.Build.0 = Debug|Any CPU
		{3703B8A3-43FA-4B9F-831D-331686527F34}.Development|Any CPU.ActiveCfg = Development|Any CPU
		{3703B8A3-43FA-4B9F-831D-331686527F34}.Development|Any CPU.Build.0 = Development|Any CPU
		{3703B8A3-43FA-4B9F-831D-331686527F34}.Development|Any CPU.Deploy.0 = Development|Any CPU
		{3703B8A3-43FA-4B9F-831D-331686527F34}.Development|iPhone.ActiveCfg = Development|Any CPU
		{3703B8A3-43FA-4B9F-831D-331686527F34}.Development|iPhone.Deploy.0 = Development|Any CPU
		{3703B8A3-43FA-4B9F-831D-331686527F34}.Development|iPhoneSimulator.ActiveCfg = Development|Any CPU
		{3703B8A3-43FA-4B9F-831D-331686527F34}.Development|iPhoneSimulator.Deploy.0 = Development|Any CPU
		{3703B8A3-43FA-4B9F-831D-331686527F34}.Test|Any CPU.ActiveCfg = Test|Any CPU
		{3703B8A3-43FA-4B9F-831D-331686527F34}.Test|Any CPU.Build.0 = Test|Any CPU
		{3703B8A3-43FA-4B9F-831D-331686527F34}.Unittests|iPhoneSimulator.Deploy.0 = Unittests|Any CPU
		{3703B8A3-43FA-4B9F-831D-331686527F34}.Unittests|iPhoneSimulator.ActiveCfg = Unittests|Any CPU
		{3703B8A3-43FA-4B9F-831D-331686527F34}.Test|iPhone.ActiveCfg = Test|Any CPU
		{3703B8A3-43FA-4B9F-831D-331686527F34}.Test|iPhoneSimulator.ActiveCfg = Test|Any CPU
		{3703B8A3-43FA-4B9F-831D-331686527F34}.Test|iPhoneSimulator.Build.0 = Test|Any CPU
		{3703B8A3-43FA-4B9F-831D-331686527F34}.Test|iPhoneSimulator.Deploy.0 = Test|Any CPU
		{3703B8A3-43FA-4B9F-831D-331686527F34}.Unittests|Any CPU.ActiveCfg = Unittests|Any CPU
		{3703B8A3-43FA-4B9F-831D-331686527F34}.Unittests|Any CPU.Build.0 = Unittests|Any CPU
		{3703B8A3-43FA-4B9F-831D-331686527F34}.Unittests|iPhone.ActiveCfg = Unittests|Any CPU
		{3703B8A3-43FA-4B9F-831D-331686527F34}.Unittests|iPhone.Build.0 = Unittests|Any CPU
		{3703B8A3-43FA-4B9F-831D-331686527F34}.Unittests|iPhone.Deploy.0 = Unittests|Any CPU
		{3703B8A3-43FA-4B9F-831D-331686527F34}.Unittests|iPhoneSimulator.Build.0 = Unittests|Any CPU
		{3703B8A3-43FA-4B9F-831D-331686527F34}.AppStore|Any CPU.ActiveCfg = AppStore|Any CPU
		{3703B8A3-43FA-4B9F-831D-331686527F34}.AppStore|Any CPU.Build.0 = AppStore|Any CPU
		{3703B8A3-43FA-4B9F-831D-331686527F34}.AppStore|iPhone.ActiveCfg = Debug|Any CPU
		{3703B8A3-43FA-4B9F-831D-331686527F34}.AppStoreBeta|Any CPU.ActiveCfg = AppStoreBeta|Any CPU
		{3703B8A3-43FA-4B9F-831D-331686527F34}.AppStoreBeta|Any CPU.Build.0 = AppStoreBeta|Any CPU
		{3703B8A3-43FA-4B9F-831D-331686527F34}.AppStoreBeta|iPhone.ActiveCfg = AppStoreBeta|Any CPU
		{3703B8A3-43FA-4B9F-831D-331686527F34}.Release|Any CPU.ActiveCfg = Release|Any CPU
		{3703B8A3-43FA-4B9F-831D-331686527F34}.Release|Any CPU.Build.0 = Release|Any CPU
		{405FDB97-9A61-426F-B1B9-86D876065C57}.Debug|Any CPU.ActiveCfg = Debug|iPhoneSimulator
		{405FDB97-9A61-426F-B1B9-86D876065C57}.Debug|Any CPU.Build.0 = Debug|iPhoneSimulator
		{405FDB97-9A61-426F-B1B9-86D876065C57}.Debug|iPhone.ActiveCfg = Debug|iPhone
		{405FDB97-9A61-426F-B1B9-86D876065C57}.Debug|iPhone.Build.0 = Debug|iPhone
		{405FDB97-9A61-426F-B1B9-86D876065C57}.Debug|iPhone.Deploy.0 = Debug|iPhone
		{405FDB97-9A61-426F-B1B9-86D876065C57}.Debug|iPhoneSimulator.ActiveCfg = Debug|iPhoneSimulator
		{405FDB97-9A61-426F-B1B9-86D876065C57}.Debug|iPhoneSimulator.Build.0 = Debug|iPhoneSimulator
		{405FDB97-9A61-426F-B1B9-86D876065C57}.Development|Any CPU.ActiveCfg = Development|iPhoneSimulator
		{405FDB97-9A61-426F-B1B9-86D876065C57}.Development|iPhone.ActiveCfg = Development|iPhone
		{405FDB97-9A61-426F-B1B9-86D876065C57}.Development|iPhone.Build.0 = Development|iPhone
		{405FDB97-9A61-426F-B1B9-86D876065C57}.Development|iPhoneSimulator.ActiveCfg = Development|iPhoneSimulator
		{405FDB97-9A61-426F-B1B9-86D876065C57}.Development|iPhoneSimulator.Build.0 = Development|iPhoneSimulator
		{405FDB97-9A61-426F-B1B9-86D876065C57}.Test|Any CPU.ActiveCfg = Test|Any CPU
		{405FDB97-9A61-426F-B1B9-86D876065C57}.Test|iPhone.ActiveCfg = Test|iPhone
		{405FDB97-9A61-426F-B1B9-86D876065C57}.Test|iPhone.Build.0 = Test|iPhone
		{405FDB97-9A61-426F-B1B9-86D876065C57}.Test|iPhoneSimulator.ActiveCfg = Test|iPhoneSimulator
		{405FDB97-9A61-426F-B1B9-86D876065C57}.Test|iPhoneSimulator.Build.0 = Test|iPhoneSimulator
		{405FDB97-9A61-426F-B1B9-86D876065C57}.Unittests|Any CPU.ActiveCfg = Unittests|Any CPU
		{405FDB97-9A61-426F-B1B9-86D876065C57}.Unittests|Any CPU.Build.0 = Unittests|Any CPU
		{405FDB97-9A61-426F-B1B9-86D876065C57}.Unittests|iPhone.ActiveCfg = Unittests|iPhone
		{405FDB97-9A61-426F-B1B9-86D876065C57}.Unittests|iPhone.Build.0 = Unittests|iPhone
		{405FDB97-9A61-426F-B1B9-86D876065C57}.Unittests|iPhoneSimulator.ActiveCfg = Unittests|iPhoneSimulator
		{405FDB97-9A61-426F-B1B9-86D876065C57}.Unittests|iPhoneSimulator.Build.0 = Unittests|iPhoneSimulator
		{405FDB97-9A61-426F-B1B9-86D876065C57}.AppStore|Any CPU.ActiveCfg = AppStore|Any CPU
		{405FDB97-9A61-426F-B1B9-86D876065C57}.AppStore|iPhone.ActiveCfg = AppStore|iPhone
		{405FDB97-9A61-426F-B1B9-86D876065C57}.AppStore|iPhone.Build.0 = AppStore|iPhone
		{405FDB97-9A61-426F-B1B9-86D876065C57}.AppStoreBeta|Any CPU.ActiveCfg = AppStoreBeta|Any CPU
		{405FDB97-9A61-426F-B1B9-86D876065C57}.AppStoreBeta|iPhone.ActiveCfg = AppStoreBeta|iPhone
		{405FDB97-9A61-426F-B1B9-86D876065C57}.AppStoreBeta|iPhone.Build.0 = AppStoreBeta|iPhone
		{405FDB97-9A61-426F-B1B9-86D876065C57}.Release|Any CPU.ActiveCfg = Release|Any CPU
		{405FDB97-9A61-426F-B1B9-86D876065C57}.Release|Any CPU.Build.0 = Release|Any CPU
		{CCA7587C-2315-43AE-990C-BF5682BC8E20}.Debug|Any CPU.ActiveCfg = Debug|Any CPU
		{CCA7587C-2315-43AE-990C-BF5682BC8E20}.Debug|Any CPU.Build.0 = Debug|Any CPU
		{CCA7587C-2315-43AE-990C-BF5682BC8E20}.Debug|iPhone.ActiveCfg = Debug|Any CPU
		{CCA7587C-2315-43AE-990C-BF5682BC8E20}.Debug|iPhone.Build.0 = Debug|Any CPU
		{CCA7587C-2315-43AE-990C-BF5682BC8E20}.Debug|iPhoneSimulator.ActiveCfg = Debug|Any CPU
		{CCA7587C-2315-43AE-990C-BF5682BC8E20}.Debug|iPhoneSimulator.Build.0 = Debug|Any CPU
		{CCA7587C-2315-43AE-990C-BF5682BC8E20}.Development|Any CPU.ActiveCfg = Development|Any CPU
		{CCA7587C-2315-43AE-990C-BF5682BC8E20}.Development|Any CPU.Build.0 = Development|Any CPU
		{CCA7587C-2315-43AE-990C-BF5682BC8E20}.Development|iPhone.ActiveCfg = Development|Any CPU
		{CCA7587C-2315-43AE-990C-BF5682BC8E20}.Development|iPhone.Build.0 = Development|Any CPU
		{CCA7587C-2315-43AE-990C-BF5682BC8E20}.Development|iPhoneSimulator.ActiveCfg = Development|Any CPU
		{CCA7587C-2315-43AE-990C-BF5682BC8E20}.Development|iPhoneSimulator.Build.0 = Development|Any CPU
		{CCA7587C-2315-43AE-990C-BF5682BC8E20}.Test|Any CPU.ActiveCfg = Test|Any CPU
		{CCA7587C-2315-43AE-990C-BF5682BC8E20}.Test|Any CPU.Build.0 = Test|Any CPU
		{CCA7587C-2315-43AE-990C-BF5682BC8E20}.Test|iPhone.ActiveCfg = Test|Any CPU
		{CCA7587C-2315-43AE-990C-BF5682BC8E20}.Test|iPhone.Build.0 = Test|Any CPU
		{CCA7587C-2315-43AE-990C-BF5682BC8E20}.Test|iPhoneSimulator.ActiveCfg = Test|Any CPU
		{CCA7587C-2315-43AE-990C-BF5682BC8E20}.Test|iPhoneSimulator.Build.0 = Test|Any CPU
		{CCA7587C-2315-43AE-990C-BF5682BC8E20}.Unittests|Any CPU.ActiveCfg = Unittests|Any CPU
		{CCA7587C-2315-43AE-990C-BF5682BC8E20}.Unittests|Any CPU.Build.0 = Unittests|Any CPU
		{CCA7587C-2315-43AE-990C-BF5682BC8E20}.Unittests|iPhone.ActiveCfg = Unittests|Any CPU
		{CCA7587C-2315-43AE-990C-BF5682BC8E20}.Unittests|iPhone.Build.0 = Unittests|Any CPU
		{CCA7587C-2315-43AE-990C-BF5682BC8E20}.Unittests|iPhoneSimulator.ActiveCfg = Unittests|Any CPU
		{CCA7587C-2315-43AE-990C-BF5682BC8E20}.Unittests|iPhoneSimulator.Build.0 = Unittests|Any CPU
		{CCA7587C-2315-43AE-990C-BF5682BC8E20}.AppStore|Any CPU.ActiveCfg = AppStore|Any CPU
		{CCA7587C-2315-43AE-990C-BF5682BC8E20}.AppStore|Any CPU.Build.0 = AppStore|Any CPU
		{CCA7587C-2315-43AE-990C-BF5682BC8E20}.AppStore|iPhone.ActiveCfg = AppStore|Any CPU
		{CCA7587C-2315-43AE-990C-BF5682BC8E20}.AppStore|iPhone.Build.0 = AppStore|Any CPU
		{CCA7587C-2315-43AE-990C-BF5682BC8E20}.AppStoreBeta|Any CPU.ActiveCfg = AppStoreBeta|Any CPU
		{CCA7587C-2315-43AE-990C-BF5682BC8E20}.AppStoreBeta|Any CPU.Build.0 = AppStoreBeta|Any CPU
		{CCA7587C-2315-43AE-990C-BF5682BC8E20}.AppStoreBeta|iPhone.ActiveCfg = AppStoreBeta|Any CPU
		{CCA7587C-2315-43AE-990C-BF5682BC8E20}.AppStoreBeta|iPhone.Build.0 = AppStoreBeta|Any CPU
		{CCA7587C-2315-43AE-990C-BF5682BC8E20}.Release|Any CPU.ActiveCfg = Debug|Any CPU
		{CCA7587C-2315-43AE-990C-BF5682BC8E20}.Release|Any CPU.Build.0 = Debug|Any CPU
		{44E26DBA-49F0-485B-8772-65D1EB66CB28}.Debug|Any CPU.ActiveCfg = Debug|Any CPU
		{44E26DBA-49F0-485B-8772-65D1EB66CB28}.Debug|Any CPU.Build.0 = Debug|Any CPU
		{44E26DBA-49F0-485B-8772-65D1EB66CB28}.Debug|iPhone.ActiveCfg = Debug|Any CPU
		{44E26DBA-49F0-485B-8772-65D1EB66CB28}.Debug|iPhone.Build.0 = Debug|Any CPU
		{44E26DBA-49F0-485B-8772-65D1EB66CB28}.Debug|iPhoneSimulator.ActiveCfg = Debug|Any CPU
		{44E26DBA-49F0-485B-8772-65D1EB66CB28}.Debug|iPhoneSimulator.Build.0 = Debug|Any CPU
		{44E26DBA-49F0-485B-8772-65D1EB66CB28}.Development|Any CPU.ActiveCfg = Development|Any CPU
		{44E26DBA-49F0-485B-8772-65D1EB66CB28}.Development|Any CPU.Build.0 = Development|Any CPU
		{44E26DBA-49F0-485B-8772-65D1EB66CB28}.Development|iPhone.ActiveCfg = Development|Any CPU
		{44E26DBA-49F0-485B-8772-65D1EB66CB28}.Development|iPhone.Build.0 = Development|Any CPU
		{44E26DBA-49F0-485B-8772-65D1EB66CB28}.Development|iPhoneSimulator.ActiveCfg = Development|Any CPU
		{44E26DBA-49F0-485B-8772-65D1EB66CB28}.Development|iPhoneSimulator.Build.0 = Development|Any CPU
		{44E26DBA-49F0-485B-8772-65D1EB66CB28}.Test|Any CPU.ActiveCfg = Test|Any CPU
		{44E26DBA-49F0-485B-8772-65D1EB66CB28}.Test|Any CPU.Build.0 = Test|Any CPU
		{44E26DBA-49F0-485B-8772-65D1EB66CB28}.Test|iPhone.ActiveCfg = Test|Any CPU
		{44E26DBA-49F0-485B-8772-65D1EB66CB28}.Test|iPhone.Build.0 = Test|Any CPU
		{44E26DBA-49F0-485B-8772-65D1EB66CB28}.Test|iPhoneSimulator.ActiveCfg = Test|Any CPU
		{44E26DBA-49F0-485B-8772-65D1EB66CB28}.Test|iPhoneSimulator.Build.0 = Test|Any CPU
		{44E26DBA-49F0-485B-8772-65D1EB66CB28}.Unittests|Any CPU.ActiveCfg = Unittests|Any CPU
		{44E26DBA-49F0-485B-8772-65D1EB66CB28}.Unittests|Any CPU.Build.0 = Unittests|Any CPU
		{44E26DBA-49F0-485B-8772-65D1EB66CB28}.Unittests|iPhone.ActiveCfg = Unittests|Any CPU
		{44E26DBA-49F0-485B-8772-65D1EB66CB28}.Unittests|iPhone.Build.0 = Unittests|Any CPU
		{44E26DBA-49F0-485B-8772-65D1EB66CB28}.Unittests|iPhoneSimulator.ActiveCfg = Unittests|Any CPU
		{44E26DBA-49F0-485B-8772-65D1EB66CB28}.Unittests|iPhoneSimulator.Build.0 = Unittests|Any CPU
		{44E26DBA-49F0-485B-8772-65D1EB66CB28}.AppStore|Any CPU.ActiveCfg = AppStore|Any CPU
		{44E26DBA-49F0-485B-8772-65D1EB66CB28}.AppStore|iPhone.ActiveCfg = Debug|Any CPU
		{44E26DBA-49F0-485B-8772-65D1EB66CB28}.AppStoreBeta|Any CPU.ActiveCfg = AppStoreBeta|Any CPU
		{44E26DBA-49F0-485B-8772-65D1EB66CB28}.AppStoreBeta|iPhone.ActiveCfg = AppStoreBeta|iPhone
		{44E26DBA-49F0-485B-8772-65D1EB66CB28}.Release|Any CPU.ActiveCfg = Debug|Any CPU
		{44E26DBA-49F0-485B-8772-65D1EB66CB28}.Release|Any CPU.Build.0 = Debug|Any CPU
		{74A636E1-F871-48FE-8E56-AC8BD701E16D}.Debug|Any CPU.ActiveCfg = Debug|Any CPU
		{74A636E1-F871-48FE-8E56-AC8BD701E16D}.Debug|Any CPU.Build.0 = Debug|Any CPU
		{74A636E1-F871-48FE-8E56-AC8BD701E16D}.Debug|iPhone.ActiveCfg = Debug|Any CPU
		{74A636E1-F871-48FE-8E56-AC8BD701E16D}.Debug|iPhone.Build.0 = Debug|Any CPU
		{74A636E1-F871-48FE-8E56-AC8BD701E16D}.Debug|iPhoneSimulator.ActiveCfg = Debug|Any CPU
		{74A636E1-F871-48FE-8E56-AC8BD701E16D}.Debug|iPhoneSimulator.Build.0 = Debug|Any CPU
		{74A636E1-F871-48FE-8E56-AC8BD701E16D}.Development|Any CPU.ActiveCfg = Debug|Any CPU
		{74A636E1-F871-48FE-8E56-AC8BD701E16D}.Development|Any CPU.Build.0 = Debug|Any CPU
		{74A636E1-F871-48FE-8E56-AC8BD701E16D}.Development|iPhone.ActiveCfg = Debug|Any CPU
		{74A636E1-F871-48FE-8E56-AC8BD701E16D}.Development|iPhone.Build.0 = Debug|Any CPU
		{74A636E1-F871-48FE-8E56-AC8BD701E16D}.Development|iPhoneSimulator.ActiveCfg = Debug|Any CPU
		{74A636E1-F871-48FE-8E56-AC8BD701E16D}.Development|iPhoneSimulator.Build.0 = Debug|Any CPU
		{74A636E1-F871-48FE-8E56-AC8BD701E16D}.Test|Any CPU.ActiveCfg = Test|Any CPU
		{74A636E1-F871-48FE-8E56-AC8BD701E16D}.Test|Any CPU.Build.0 = Test|Any CPU
		{74A636E1-F871-48FE-8E56-AC8BD701E16D}.Test|iPhone.ActiveCfg = Test|Any CPU
		{74A636E1-F871-48FE-8E56-AC8BD701E16D}.Test|iPhone.Build.0 = Test|Any CPU
		{74A636E1-F871-48FE-8E56-AC8BD701E16D}.Test|iPhoneSimulator.ActiveCfg = Test|Any CPU
		{74A636E1-F871-48FE-8E56-AC8BD701E16D}.Test|iPhoneSimulator.Build.0 = Test|Any CPU
		{74A636E1-F871-48FE-8E56-AC8BD701E16D}.Unittests|Any CPU.ActiveCfg = Debug|Any CPU
		{74A636E1-F871-48FE-8E56-AC8BD701E16D}.Unittests|Any CPU.Build.0 = Debug|Any CPU
		{74A636E1-F871-48FE-8E56-AC8BD701E16D}.Unittests|iPhone.ActiveCfg = Test|Any CPU
		{74A636E1-F871-48FE-8E56-AC8BD701E16D}.Unittests|iPhone.Build.0 = Test|Any CPU
		{74A636E1-F871-48FE-8E56-AC8BD701E16D}.Unittests|iPhoneSimulator.ActiveCfg = Test|Any CPU
		{74A636E1-F871-48FE-8E56-AC8BD701E16D}.Unittests|iPhoneSimulator.Build.0 = Test|Any CPU
		{74A636E1-F871-48FE-8E56-AC8BD701E16D}.AppStore|Any CPU.ActiveCfg = AppStore|Any CPU
		{74A636E1-F871-48FE-8E56-AC8BD701E16D}.AppStore|Any CPU.Build.0 = AppStore|Any CPU
		{74A636E1-F871-48FE-8E56-AC8BD701E16D}.AppStore|iPhone.ActiveCfg = AppStore|Any CPU
		{74A636E1-F871-48FE-8E56-AC8BD701E16D}.AppStore|iPhone.Build.0 = AppStore|Any CPU
		{74A636E1-F871-48FE-8E56-AC8BD701E16D}.AppStoreBeta|Any CPU.ActiveCfg = AppStoreBeta|Any CPU
		{74A636E1-F871-48FE-8E56-AC8BD701E16D}.AppStoreBeta|Any CPU.Build.0 = AppStoreBeta|Any CPU
		{74A636E1-F871-48FE-8E56-AC8BD701E16D}.AppStoreBeta|iPhone.ActiveCfg = AppStoreBeta|Any CPU
		{74A636E1-F871-48FE-8E56-AC8BD701E16D}.AppStoreBeta|iPhone.Build.0 = AppStoreBeta|Any CPU
		{74A636E1-F871-48FE-8E56-AC8BD701E16D}.Release|Any CPU.ActiveCfg = Test|Any CPU
		{74A636E1-F871-48FE-8E56-AC8BD701E16D}.Release|Any CPU.Build.0 = Test|Any CPU
		{935EB5C3-3FF3-4030-B89E-823387BEFA3D}.Debug|Any CPU.ActiveCfg = Debug|Any CPU
		{935EB5C3-3FF3-4030-B89E-823387BEFA3D}.Debug|Any CPU.Build.0 = Debug|Any CPU
		{935EB5C3-3FF3-4030-B89E-823387BEFA3D}.Debug|iPhone.ActiveCfg = Debug|Any CPU
		{935EB5C3-3FF3-4030-B89E-823387BEFA3D}.Debug|iPhone.Build.0 = Debug|Any CPU
		{935EB5C3-3FF3-4030-B89E-823387BEFA3D}.Debug|iPhoneSimulator.ActiveCfg = Debug|Any CPU
		{935EB5C3-3FF3-4030-B89E-823387BEFA3D}.Debug|iPhoneSimulator.Build.0 = Debug|Any CPU
		{935EB5C3-3FF3-4030-B89E-823387BEFA3D}.Development|iPhone.ActiveCfg = Debug|Any CPU
		{935EB5C3-3FF3-4030-B89E-823387BEFA3D}.Development|iPhone.Build.0 = Debug|Any CPU
		{935EB5C3-3FF3-4030-B89E-823387BEFA3D}.Development|iPhoneSimulator.ActiveCfg = Debug|Any CPU
		{935EB5C3-3FF3-4030-B89E-823387BEFA3D}.Development|iPhoneSimulator.Build.0 = Debug|Any CPU
		{935EB5C3-3FF3-4030-B89E-823387BEFA3D}.Test|Any CPU.ActiveCfg = Release|Any CPU
		{935EB5C3-3FF3-4030-B89E-823387BEFA3D}.Test|Any CPU.Build.0 = Release|Any CPU
		{935EB5C3-3FF3-4030-B89E-823387BEFA3D}.Test|iPhoneSimulator.ActiveCfg = Release|Any CPU
		{935EB5C3-3FF3-4030-B89E-823387BEFA3D}.Test|iPhoneSimulator.Build.0 = Release|Any CPU
		{935EB5C3-3FF3-4030-B89E-823387BEFA3D}.Test|iPhone.ActiveCfg = Release|Any CPU
		{935EB5C3-3FF3-4030-B89E-823387BEFA3D}.Test|iPhone.Build.0 = Release|Any CPU
		{935EB5C3-3FF3-4030-B89E-823387BEFA3D}.Unittests|Any CPU.ActiveCfg = Debug|Any CPU
		{935EB5C3-3FF3-4030-B89E-823387BEFA3D}.Unittests|Any CPU.Build.0 = Debug|Any CPU
		{935EB5C3-3FF3-4030-B89E-823387BEFA3D}.Unittests|iPhoneSimulator.ActiveCfg = Debug|Any CPU
		{935EB5C3-3FF3-4030-B89E-823387BEFA3D}.Unittests|iPhoneSimulator.Build.0 = Debug|Any CPU
		{935EB5C3-3FF3-4030-B89E-823387BEFA3D}.Unittests|iPhone.ActiveCfg = Debug|Any CPU
		{935EB5C3-3FF3-4030-B89E-823387BEFA3D}.Unittests|iPhone.Build.0 = Debug|Any CPU
		{935EB5C3-3FF3-4030-B89E-823387BEFA3D}.AppStore|Any CPU.ActiveCfg = Release|Any CPU
		{935EB5C3-3FF3-4030-B89E-823387BEFA3D}.AppStore|Any CPU.Build.0 = Release|Any CPU
		{935EB5C3-3FF3-4030-B89E-823387BEFA3D}.AppStore|iPhone.ActiveCfg = Debug|Any CPU
		{935EB5C3-3FF3-4030-B89E-823387BEFA3D}.AppStore|iPhone.Build.0 = Debug|Any CPU
		{935EB5C3-3FF3-4030-B89E-823387BEFA3D}.AppStoreBeta|Any CPU.ActiveCfg = Release|Any CPU
		{935EB5C3-3FF3-4030-B89E-823387BEFA3D}.AppStoreBeta|Any CPU.Build.0 = Release|Any CPU
		{935EB5C3-3FF3-4030-B89E-823387BEFA3D}.AppStoreBeta|iPhone.ActiveCfg = Release|Any CPU
		{935EB5C3-3FF3-4030-B89E-823387BEFA3D}.AppStoreBeta|iPhone.Build.0 = Release|Any CPU
		{935EB5C3-3FF3-4030-B89E-823387BEFA3D}.Release|Any CPU.ActiveCfg = Release|Any CPU
		{935EB5C3-3FF3-4030-B89E-823387BEFA3D}.Release|Any CPU.Build.0 = Release|Any CPU
		{935EB5C3-3FF3-4030-B89E-823387BEFA3D}.Development|Any CPU.ActiveCfg = Development|Any CPU
		{935EB5C3-3FF3-4030-B89E-823387BEFA3D}.Development|Any CPU.Build.0 = Development|Any CPU
	EndGlobalSection
	GlobalSection(SolutionProperties) = preSolution
		HideSolutionNode = FALSE
	EndGlobalSection
	GlobalSection(ExtensibilityGlobals) = postSolution
		SolutionGuid = {D62FCF85-E40A-4749-A75D-ECD6EB1AEC4C}
	EndGlobalSection
EndGlobal
